// !$*UTF8*$!
{
	archiveVersion = 1;
	classes = {
	};
	objectVersion = 56;
	objects = {

/* Begin PBXBuildFile section */
		1548AAE329C22D6000E9355E /* DevoteeAppApp.swift in Sources */ = {isa = PBXBuildFile; fileRef = 1548AAE229C22D6000E9355E /* DevoteeAppApp.swift */; };
		1548AAE529C22D6000E9355E /* ContentView.swift in Sources */ = {isa = PBXBuildFile; fileRef = 1548AAE429C22D6000E9355E /* ContentView.swift */; };
		1548AAE729C22D6200E9355E /* Assets.xcassets in Resources */ = {isa = PBXBuildFile; fileRef = 1548AAE629C22D6200E9355E /* Assets.xcassets */; };
		1548AAEA29C22D6200E9355E /* Preview Assets.xcassets in Resources */ = {isa = PBXBuildFile; fileRef = 1548AAE929C22D6200E9355E /* Preview Assets.xcassets */; };
		1548AAEC29C22D6200E9355E /* Persistence.swift in Sources */ = {isa = PBXBuildFile; fileRef = 1548AAEB29C22D6200E9355E /* Persistence.swift */; };
		1548AAEF29C22D6200E9355E /* DevoteeApp.xcdatamodeld in Sources */ = {isa = PBXBuildFile; fileRef = 1548AAED29C22D6200E9355E /* DevoteeApp.xcdatamodeld */; };
		1548AAF829C22DB800E9355E /* sound-tap.mp3 in Resources */ = {isa = PBXBuildFile; fileRef = 1548AAF529C22DB800E9355E /* sound-tap.mp3 */; };
		1548AAF929C22DB800E9355E /* sound-ding.mp3 in Resources */ = {isa = PBXBuildFile; fileRef = 1548AAF629C22DB800E9355E /* sound-ding.mp3 */; };
		1548AAFA29C22DB800E9355E /* sound-rise.mp3 in Resources */ = {isa = PBXBuildFile; fileRef = 1548AAF729C22DB800E9355E /* sound-rise.mp3 */; };
		1548AB0729C2352900E9355E /* Constants.swift in Sources */ = {isa = PBXBuildFile; fileRef = 1548AB0629C2352900E9355E /* Constants.swift */; };
/* End PBXBuildFile section */

/* Begin PBXFileReference section */
		1548AADF29C22D6000E9355E /* DevoteeApp.app */ = {isa = PBXFileReference; explicitFileType = wrapper.application; includeInIndex = 0; path = DevoteeApp.app; sourceTree = BUILT_PRODUCTS_DIR; };
		1548AAE229C22D6000E9355E /* DevoteeAppApp.swift */ = {isa = PBXFileReference; lastKnownFileType = sourcecode.swift; path = DevoteeAppApp.swift; sourceTree = "<group>"; };
		1548AAE429C22D6000E9355E /* ContentView.swift */ = {isa = PBXFileReference; lastKnownFileType = sourcecode.swift; path = ContentView.swift; sourceTree = "<group>"; };
		1548AAE629C22D6200E9355E /* Assets.xcassets */ = {isa = PBXFileReference; lastKnownFileType = folder.assetcatalog; path = Assets.xcassets; sourceTree = "<group>"; };
		1548AAE929C22D6200E9355E /* Preview Assets.xcassets */ = {isa = PBXFileReference; lastKnownFileType = folder.assetcatalog; path = "Preview Assets.xcassets"; sourceTree = "<group>"; };
		1548AAEB29C22D6200E9355E /* Persistence.swift */ = {isa = PBXFileReference; lastKnownFileType = sourcecode.swift; path = Persistence.swift; sourceTree = "<group>"; };
		1548AAEE29C22D6200E9355E /* DevoteeApp.xcdatamodel */ = {isa = PBXFileReference; lastKnownFileType = wrapper.xcdatamodel; path = DevoteeApp.xcdatamodel; sourceTree = "<group>"; };
		1548AAF529C22DB800E9355E /* sound-tap.mp3 */ = {isa = PBXFileReference; lastKnownFileType = audio.mp3; path = "sound-tap.mp3"; sourceTree = "<group>"; };
		1548AAF629C22DB800E9355E /* sound-ding.mp3 */ = {isa = PBXFileReference; lastKnownFileType = audio.mp3; path = "sound-ding.mp3"; sourceTree = "<group>"; };
		1548AAF729C22DB800E9355E /* sound-rise.mp3 */ = {isa = PBXFileReference; lastKnownFileType = audio.mp3; path = "sound-rise.mp3"; sourceTree = "<group>"; };
		1548AB0129C22E2E00E9355E /* Info.plist */ = {isa = PBXFileReference; lastKnownFileType = text.plist; path = Info.plist; sourceTree = "<group>"; };
		1548AB0629C2352900E9355E /* Constants.swift */ = {isa = PBXFileReference; lastKnownFileType = sourcecode.swift; path = Constants.swift; sourceTree = "<group>"; };
/* End PBXFileReference section */

/* Begin PBXFrameworksBuildPhase section */
		1548AADC29C22D6000E9355E /* Frameworks */ = {
			isa = PBXFrameworksBuildPhase;
			buildActionMask = 2147483647;
			files = (
			);
			runOnlyForDeploymentPostprocessing = 0;
		};
/* End PBXFrameworksBuildPhase section */

/* Begin PBXGroup section */
		1548AAD629C22D6000E9355E = {
			isa = PBXGroup;
			children = (
				1548AAE129C22D6000E9355E /* DevoteeApp */,
				1548AAE029C22D6000E9355E /* Products */,
			);
			sourceTree = "<group>";
		};
		1548AAE029C22D6000E9355E /* Products */ = {
			isa = PBXGroup;
			children = (
				1548AADF29C22D6000E9355E /* DevoteeApp.app */,
			);
			name = Products;
			sourceTree = "<group>";
		};
		1548AAE129C22D6000E9355E /* DevoteeApp */ = {
			isa = PBXGroup;
			children = (
				1548AB0129C22E2E00E9355E /* Info.plist */,
				1548AB0029C22E0300E9355E /* Model */,
				1548AAFC29C22DDB00E9355E /* View */,
				1548AAFF29C22DF100E9355E /* Style */,
				1548AAFE29C22DEC00E9355E /* Utils */,
				1548AAFD29C22DE500E9355E /* Extensions */,
				1548AAFB29C22DC700E9355E /* Sounds */,
				1548AAE229C22D6000E9355E /* DevoteeAppApp.swift */,
				1548AAE629C22D6200E9355E /* Assets.xcassets */,
				1548AAE829C22D6200E9355E /* Preview Content */,
			);
			path = DevoteeApp;
			sourceTree = "<group>";
		};
		1548AAE829C22D6200E9355E /* Preview Content */ = {
			isa = PBXGroup;
			children = (
				1548AAE929C22D6200E9355E /* Preview Assets.xcassets */,
			);
			path = "Preview Content";
			sourceTree = "<group>";
		};
		1548AAFB29C22DC700E9355E /* Sounds */ = {
			isa = PBXGroup;
			children = (
				1548AAF629C22DB800E9355E /* sound-ding.mp3 */,
				1548AAF729C22DB800E9355E /* sound-rise.mp3 */,
				1548AAF529C22DB800E9355E /* sound-tap.mp3 */,
			);
			path = Sounds;
			sourceTree = "<group>";
		};
		1548AAFC29C22DDB00E9355E /* View */ = {
			isa = PBXGroup;
			children = (
				1548AAE429C22D6000E9355E /* ContentView.swift */,
			);
			path = View;
			sourceTree = "<group>";
		};
		1548AAFD29C22DE500E9355E /* Extensions */ = {
			isa = PBXGroup;
			children = (
			);
			path = Extensions;
			sourceTree = "<group>";
		};
		1548AAFE29C22DEC00E9355E /* Utils */ = {
			isa = PBXGroup;
			children = (
				1548AB0629C2352900E9355E /* Constants.swift */,
			);
			path = Utils;
			sourceTree = "<group>";
		};
		1548AAFF29C22DF100E9355E /* Style */ = {
			isa = PBXGroup;
			children = (
			);
			path = Style;
			sourceTree = "<group>";
		};
		1548AB0029C22E0300E9355E /* Model */ = {
			isa = PBXGroup;
			children = (
				1548AAED29C22D6200E9355E /* DevoteeApp.xcdatamodeld */,
				1548AAEB29C22D6200E9355E /* Persistence.swift */,
			);
			path = Model;
			sourceTree = "<group>";
		};
/* End PBXGroup section */

/* Begin PBXNativeTarget section */
		1548AADE29C22D6000E9355E /* DevoteeApp */ = {
			isa = PBXNativeTarget;
			buildConfigurationList = 1548AAF229C22D6200E9355E /* Build configuration list for PBXNativeTarget "DevoteeApp" */;
			buildPhases = (
				1548AADB29C22D6000E9355E /* Sources */,
				1548AADC29C22D6000E9355E /* Frameworks */,
				1548AADD29C22D6000E9355E /* Resources */,
			);
			buildRules = (
			);
			dependencies = (
			);
			name = DevoteeApp;
			productName = DevoteeApp;
			productReference = 1548AADF29C22D6000E9355E /* DevoteeApp.app */;
			productType = "com.apple.product-type.application";
		};
/* End PBXNativeTarget section */

/* Begin PBXProject section */
		1548AAD729C22D6000E9355E /* Project object */ = {
			isa = PBXProject;
			attributes = {
				BuildIndependentTargetsInParallel = 1;
				LastSwiftUpdateCheck = 1420;
				LastUpgradeCheck = 1420;
				TargetAttributes = {
					1548AADE29C22D6000E9355E = {
						CreatedOnToolsVersion = 14.2;
					};
				};
			};
			buildConfigurationList = 1548AADA29C22D6000E9355E /* Build configuration list for PBXProject "DevoteeApp" */;
			compatibilityVersion = "Xcode 14.0";
			developmentRegion = en;
			hasScannedForEncodings = 0;
			knownRegions = (
				en,
				Base,
			);
			mainGroup = 1548AAD629C22D6000E9355E;
			productRefGroup = 1548AAE029C22D6000E9355E /* Products */;
			projectDirPath = "";
			projectRoot = "";
			targets = (
				1548AADE29C22D6000E9355E /* DevoteeApp */,
			);
		};
/* End PBXProject section */

/* Begin PBXResourcesBuildPhase section */
		1548AADD29C22D6000E9355E /* Resources */ = {
			isa = PBXResourcesBuildPhase;
			buildActionMask = 2147483647;
			files = (
				1548AAFA29C22DB800E9355E /* sound-rise.mp3 in Resources */,
				1548AAF929C22DB800E9355E /* sound-ding.mp3 in Resources */,
				1548AAF829C22DB800E9355E /* sound-tap.mp3 in Resources */,
				1548AAEA29C22D6200E9355E /* Preview Assets.xcassets in Resources */,
				1548AAE729C22D6200E9355E /* Assets.xcassets in Resources */,
			);
			runOnlyForDeploymentPostprocessing = 0;
		};
/* End PBXResourcesBuildPhase section */

/* Begin PBXSourcesBuildPhase section */
		1548AADB29C22D6000E9355E /* Sources */ = {
			isa = PBXSourcesBuildPhase;
			buildActionMask = 2147483647;
			files = (
				1548AB0729C2352900E9355E /* Constants.swift in Sources */,
				1548AAEF29C22D6200E9355E /* DevoteeApp.xcdatamodeld in Sources */,
				1548AAEC29C22D6200E9355E /* Persistence.swift in Sources */,
				1548AAE529C22D6000E9355E /* ContentView.swift in Sources */,
				1548AAE329C22D6000E9355E /* DevoteeAppApp.swift in Sources */,
			);
			runOnlyForDeploymentPostprocessing = 0;
		};
/* End PBXSourcesBuildPhase section */

/* Begin XCBuildConfiguration section */
		1548AAF029C22D6200E9355E /* Debug */ = {
			isa = XCBuildConfiguration;
			buildSettings = {
				ALWAYS_SEARCH_USER_PATHS = NO;
				CLANG_ANALYZER_NONNULL = YES;
				CLANG_ANALYZER_NUMBER_OBJECT_CONVERSION = YES_AGGRESSIVE;
				CLANG_CXX_LANGUAGE_STANDARD = "gnu++20";
				CLANG_ENABLE_MODULES = YES;
				CLANG_ENABLE_OBJC_ARC = YES;
				CLANG_ENABLE_OBJC_WEAK = YES;
				CLANG_WARN_BLOCK_CAPTURE_AUTORELEASING = YES;
				CLANG_WARN_BOOL_CONVERSION = YES;
				CLANG_WARN_COMMA = YES;
				CLANG_WARN_CONSTANT_CONVERSION = YES;
				CLANG_WARN_DEPRECATED_OBJC_IMPLEMENTATIONS = YES;
				CLANG_WARN_DIRECT_OBJC_ISA_USAGE = YES_ERROR;
				CLANG_WARN_DOCUMENTATION_COMMENTS = YES;
				CLANG_WARN_EMPTY_BODY = YES;
				CLANG_WARN_ENUM_CONVERSION = YES;
				CLANG_WARN_INFINITE_RECURSION = YES;
				CLANG_WARN_INT_CONVERSION = YES;
				CLANG_WARN_NON_LITERAL_NULL_CONVERSION = YES;
				CLANG_WARN_OBJC_IMPLICIT_RETAIN_SELF = YES;
				CLANG_WARN_OBJC_LITERAL_CONVERSION = YES;
				CLANG_WARN_OBJC_ROOT_CLASS = YES_ERROR;
				CLANG_WARN_QUOTED_INCLUDE_IN_FRAMEWORK_HEADER = YES;
				CLANG_WARN_RANGE_LOOP_ANALYSIS = YES;
				CLANG_WARN_STRICT_PROTOTYPES = YES;
				CLANG_WARN_SUSPICIOUS_MOVE = YES;
				CLANG_WARN_UNGUARDED_AVAILABILITY = YES_AGGRESSIVE;
				CLANG_WARN_UNREACHABLE_CODE = YES;
				CLANG_WARN__DUPLICATE_METHOD_MATCH = YES;
				COPY_PHASE_STRIP = NO;
				DEBUG_INFORMATION_FORMAT = dwarf;
				ENABLE_STRICT_OBJC_MSGSEND = YES;
				ENABLE_TESTABILITY = YES;
				GCC_C_LANGUAGE_STANDARD = gnu11;
				GCC_DYNAMIC_NO_PIC = NO;
				GCC_NO_COMMON_BLOCKS = YES;
				GCC_OPTIMIZATION_LEVEL = 0;
				GCC_PREPROCESSOR_DEFINITIONS = (
					"DEBUG=1",
					"$(inherited)",
				);
				GCC_WARN_64_TO_32_BIT_CONVERSION = YES;
				GCC_WARN_ABOUT_RETURN_TYPE = YES_ERROR;
				GCC_WARN_UNDECLARED_SELECTOR = YES;
				GCC_WARN_UNINITIALIZED_AUTOS = YES_AGGRESSIVE;
				GCC_WARN_UNUSED_FUNCTION = YES;
				GCC_WARN_UNUSED_VARIABLE = YES;
				IPHONEOS_DEPLOYMENT_TARGET = 16.2;
				MTL_ENABLE_DEBUG_INFO = INCLUDE_SOURCE;
				MTL_FAST_MATH = YES;
				ONLY_ACTIVE_ARCH = YES;
				SDKROOT = iphoneos;
				SWIFT_ACTIVE_COMPILATION_CONDITIONS = DEBUG;
				SWIFT_OPTIMIZATION_LEVEL = "-Onone";
			};
			name = Debug;
		};
		1548AAF129C22D6200E9355E /* Release */ = {
			isa = XCBuildConfiguration;
			buildSettings = {
				ALWAYS_SEARCH_USER_PATHS = NO;
				CLANG_ANALYZER_NONNULL = YES;
				CLANG_ANALYZER_NUMBER_OBJECT_CONVERSION = YES_AGGRESSIVE;
				CLANG_CXX_LANGUAGE_STANDARD = "gnu++20";
				CLANG_ENABLE_MODULES = YES;
				CLANG_ENABLE_OBJC_ARC = YES;
				CLANG_ENABLE_OBJC_WEAK = YES;
				CLANG_WARN_BLOCK_CAPTURE_AUTORELEASING = YES;
				CLANG_WARN_BOOL_CONVERSION = YES;
				CLANG_WARN_COMMA = YES;
				CLANG_WARN_CONSTANT_CONVERSION = YES;
				CLANG_WARN_DEPRECATED_OBJC_IMPLEMENTATIONS = YES;
				CLANG_WARN_DIRECT_OBJC_ISA_USAGE = YES_ERROR;
				CLANG_WARN_DOCUMENTATION_COMMENTS = YES;
				CLANG_WARN_EMPTY_BODY = YES;
				CLANG_WARN_ENUM_CONVERSION = YES;
				CLANG_WARN_INFINITE_RECURSION = YES;
				CLANG_WARN_INT_CONVERSION = YES;
				CLANG_WARN_NON_LITERAL_NULL_CONVERSION = YES;
				CLANG_WARN_OBJC_IMPLICIT_RETAIN_SELF = YES;
				CLANG_WARN_OBJC_LITERAL_CONVERSION = YES;
				CLANG_WARN_OBJC_ROOT_CLASS = YES_ERROR;
				CLANG_WARN_QUOTED_INCLUDE_IN_FRAMEWORK_HEADER = YES;
				CLANG_WARN_RANGE_LOOP_ANALYSIS = YES;
				CLANG_WARN_STRICT_PROTOTYPES = YES;
				CLANG_WARN_SUSPICIOUS_MOVE = YES;
				CLANG_WARN_UNGUARDED_AVAILABILITY = YES_AGGRESSIVE;
				CLANG_WARN_UNREACHABLE_CODE = YES;
				CLANG_WARN__DUPLICATE_METHOD_MATCH = YES;
				COPY_PHASE_STRIP = NO;
				DEBUG_INFORMATION_FORMAT = "dwarf-with-dsym";
				ENABLE_NS_ASSERTIONS = NO;
				ENABLE_STRICT_OBJC_MSGSEND = YES;
				GCC_C_LANGUAGE_STANDARD = gnu11;
				GCC_NO_COMMON_BLOCKS = YES;
				GCC_WARN_64_TO_32_BIT_CONVERSION = YES;
				GCC_WARN_ABOUT_RETURN_TYPE = YES_ERROR;
				GCC_WARN_UNDECLARED_SELECTOR = YES;
				GCC_WARN_UNINITIALIZED_AUTOS = YES_AGGRESSIVE;
				GCC_WARN_UNUSED_FUNCTION = YES;
				GCC_WARN_UNUSED_VARIABLE = YES;
				IPHONEOS_DEPLOYMENT_TARGET = 16.2;
				MTL_ENABLE_DEBUG_INFO = NO;
				MTL_FAST_MATH = YES;
				SDKROOT = iphoneos;
				SWIFT_COMPILATION_MODE = wholemodule;
				SWIFT_OPTIMIZATION_LEVEL = "-O";
				VALIDATE_PRODUCT = YES;
			};
			name = Release;
		};
		1548AAF329C22D6200E9355E /* Debug */ = {
			isa = XCBuildConfiguration;
			buildSettings = {
				ASSETCATALOG_COMPILER_APPICON_NAME = AppIcon;
				ASSETCATALOG_COMPILER_GLOBAL_ACCENT_COLOR_NAME = AccentColor;
				CODE_SIGN_STYLE = Automatic;
				CURRENT_PROJECT_VERSION = 1;
				DEVELOPMENT_ASSET_PATHS = "\"DevoteeApp/Preview Content\"";
				ENABLE_PREVIEWS = YES;
				GENERATE_INFOPLIST_FILE = YES;
				INFOPLIST_FILE = DevoteeApp/Info.plist;
				INFOPLIST_KEY_UIApplicationSceneManifest_Generation = YES;
				INFOPLIST_KEY_UIApplicationSupportsIndirectInputEvents = YES;
				INFOPLIST_KEY_UISupportedInterfaceOrientations = UIInterfaceOrientationPortrait;
				INFOPLIST_KEY_UISupportedInterfaceOrientations_iPad = "UIInterfaceOrientationLandscapeLeft UIInterfaceOrientationLandscapeRight UIInterfaceOrientationPortrait UIInterfaceOrientationPortraitUpsideDown";
				LD_RUNPATH_SEARCH_PATHS = (
					"$(inherited)",
					"@executable_path/Frameworks",
				);
				MARKETING_VERSION = 1.0;
				PRODUCT_BUNDLE_IDENTIFIER = com.myTest.DevoteeApp;
				PRODUCT_NAME = "$(TARGET_NAME)";
				SWIFT_EMIT_LOC_STRINGS = YES;
				SWIFT_VERSION = 5.0;
				TARGETED_DEVICE_FAMILY = "1,2";
			};
			name = Debug;
		};
		1548AAF429C22D6200E9355E /* Release */ = {
			isa = XCBuildConfiguration;
			buildSettings = {
				ASSETCATALOG_COMPILER_APPICON_NAME = AppIcon;
				ASSETCATALOG_COMPILER_GLOBAL_ACCENT_COLOR_NAME = AccentColor;
				CODE_SIGN_STYLE = Automatic;
				CURRENT_PROJECT_VERSION = 1;
				DEVELOPMENT_ASSET_PATHS = "\"DevoteeApp/Preview Content\"";
				ENABLE_PREVIEWS = YES;
				GENERATE_INFOPLIST_FILE = YES;
				INFOPLIST_FILE = DevoteeApp/Info.plist;
				INFOPLIST_KEY_UIApplicationSceneManifest_Generation = YES;
				INFOPLIST_KEY_UIApplicationSupportsIndirectInputEvents = YES;
				INFOPLIST_KEY_UISupportedInterfaceOrientations = UIInterfaceOrientationPortrait;
				INFOPLIST_KEY_UISupportedInterfaceOrientations_iPad = "UIInterfaceOrientationLandscapeLeft UIInterfaceOrientationLandscapeRight UIInterfaceOrientationPortrait UIInterfaceOrientationPortraitUpsideDown";
				LD_RUNPATH_SEARCH_PATHS = (
					"$(inherited)",
					"@executable_path/Frameworks",
				);
				MARKETING_VERSION = 1.0;
				PRODUCT_BUNDLE_IDENTIFIER = com.myTest.DevoteeApp;
				PRODUCT_NAME = "$(TARGET_NAME)";
				SWIFT_EMIT_LOC_STRINGS = YES;
				SWIFT_VERSION = 5.0;
				TARGETED_DEVICE_FAMILY = "1,2";
			};
			name = Release;
		};
/* End XCBuildConfiguration section */

/* Begin XCConfigurationList section */
		1548AADA29C22D6000E9355E /* Build configuration list for PBXProject "DevoteeApp" */ = {
			isa = XCConfigurationList;
			buildConfigurations = (
				1548AAF029C22D6200E9355E /* Debug */,
				1548AAF129C22D6200E9355E /* Release */,
			);
			defaultConfigurationIsVisible = 0;
			defaultConfigurationName = Release;
		};
		1548AAF229C22D6200E9355E /* Build configuration list for PBXNativeTarget "DevoteeApp" */ = {
			isa = XCConfigurationList;
			buildConfigurations = (
				1548AAF329C22D6200E9355E /* Debug */,
				1548AAF429C22D6200E9355E /* Release */,
			);
			defaultConfigurationIsVisible = 0;
			defaultConfigurationName = Release;
		};
/* End XCConfigurationList section */

/* Begin XCVersionGroup section */
		1548AAED29C22D6200E9355E /* DevoteeApp.xcdatamodeld */ = {
			isa = XCVersionGroup;
			children = (
				1548AAEE29C22D6200E9355E /* DevoteeApp.xcdatamodel */,
			);
			currentVersion = 1548AAEE29C22D6200E9355E /* DevoteeApp.xcdatamodel */;
			path = DevoteeApp.xcdatamodeld;
			sourceTree = "<group>";
			versionGroupType = wrapper.xcdatamodel;
		};
/* End XCVersionGroup section */
	};
	rootObject = 1548AAD729C22D6000E9355E /* Project object */;
}
